# This file is autogenerated, do not edit; changes may be undone by the next 'dep ensure'.


[[projects]]
  digest = "1:dd809b68e6b2c60fb459a4c89a5d01feb6161ce68dce120b3f559d67a0e1c5d0"
  name = "github.com/db-journey/migrate"
  packages = [
    ".",
    "direction",
    "driver",
    "file",
  ]
  pruneopts = "UT"
  revision = "bebf6c438e6db07e022f538a9244067e2f7c25c3"
  version = "v2.0.0"

[[projects]]
  branch = "master"
  digest = "1:37f40d70b8a298345953ae6aa6009b62a62f509d2c1689be6248c85b033c2380"
  name = "github.com/db-journey/postgresql-driver"
  packages = ["."]
  pruneopts = "UT"
  revision = "69d474584d864ceaf92d9f62f71259eb05fc1bc8"

[[projects]]
  digest = "1:c79fb010be38a59d657c48c6ba1d003a8aa651fa56b579d959d74573b7dff8e1"
  name = "github.com/gorilla/context"
  packages = ["."]
  pruneopts = "UT"
  revision = "08b5f424b9271eedf6f9f0ce86cb9396ed337a42"
  version = "v1.1.1"

[[projects]]
  digest = "1:e73f5b0152105f18bc131fba127d9949305c8693f8a762588a82a48f61756f5f"
  name = "github.com/gorilla/mux"
  packages = ["."]
  pruneopts = "UT"
  revision = "e3702bed27f0d39777b0b37b664b6280e8ef8fbf"
  version = "v1.6.2"

[[projects]]
  digest = "1:dd46f040f8c0ae39e59bb0a0571193841719ad9aaaf9ec31de4bd05740675f9f"
  name = "github.com/helloeave/json"
  packages = ["."]
  pruneopts = "UT"
  revision = "82003ffe76074b018858cfc190efe65f20277e6d"
  version = "v1.11.0"

[[projects]]
  branch = "master"
  digest = "1:7654989089e5bd5b6734ec3be8b695e87d3f1f8d95620b343fd7d3995a5b60d7"
  name = "github.com/jmoiron/sqlx"
  packages = [
    ".",
    "reflectx",
  ]
  pruneopts = "UT"
  revision = "0dae4fefe7c0e190f7b5a78dac28a1c82cc8d849"

[[projects]]
  digest = "1:8ef506fc2bb9ced9b151dafa592d4046063d744c646c1bbe801982ce87e4bc24"
  name = "github.com/lib/pq"
  packages = [
    ".",
    "oid",
  ]
  pruneopts = "UT"
  revision = "4ded0e9383f75c197b3a2aaa6d590ac52df6fd79"
  version = "v1.0.0"

[[projects]]
  digest = "1:274f67cb6fed9588ea2521ecdac05a6d62a8c51c074c1fccc6a49a40ba80e925"
  name = "github.com/satori/go.uuid"
  packages = ["."]
  pruneopts = "UT"
  revision = "f58768cc1a7a7e77a3bd49e98cdd21419399b6a3"
  version = "v1.2.0"

[solve-meta]
  analyzer-name = "dep"
  analyzer-version = 1
  input-imports = [
    "github.com/db-journey/migrate",
    "github.com/db-journey/postgresql-driver",
    "github.com/gorilla/mux",
    "github.com/helloeave/json",
    "github.com/jmoiron/sqlx",
    "github.com/lib/pq",
    "github.com/satori/go.uuid",
  ]
  solver-name = "gps-cdcl"
  solver-version = 1
